
Microsoft Visual Studio Solution File, Format Version 12.00
# Visual Studio Version 17
VisualStudioVersion = 17.14.36401.2
MinimumVisualStudioVersion = 10.0.40219.1
Project("{FAE04EC0-301F-11D3-BF4B-00C04F79EFBC}") = "Prelevements_par_caisse", "Prelevements_par_caisse\Prelevements_par_caisse.csproj", "{5D1331F2-3F4E-44E4-9EC0-E2A6EA9D92C1}"
EndProject
Project("{FAE04EC0-301F-11D3-BF4B-00C04F79EFBC}") = "Prelevements_par_caisse.Tests", "Prelevements_par_caisse.Tests\Prelevements_par_caisse.Tests.csproj", "{7A29BE8E-48AD-402C-8A1E-DBCAB4BAE927}"
EndProject
Global
	GlobalSection(SolutionConfigurationPlatforms) = preSolution
		Debug|Any CPU = Debug|Any CPU
		Release|Any CPU = Release|Any CPU
	EndGlobalSection
	GlobalSection(ProjectConfigurationPlatforms) = postSolution
		{5D1331F2-3F4E-44E4-9EC0-E2A6EA9D92C1}.Debug|Any CPU.ActiveCfg = Debug|Any CPU
		{5D1331F2-3F4E-44E4-9EC0-E2A6EA9D92C1}.Debug|Any CPU.Build.0 = Debug|Any CPU
		{5D1331F2-3F4E-44E4-9EC0-E2A6EA9D92C1}.Release|Any CPU.ActiveCfg = Release|Any CPU
		{5D1331F2-3F4E-44E4-9EC0-E2A6EA9D92C1}.Release|Any CPU.Build.0 = Release|Any CPU
		{7A29BE8E-48AD-402C-8A1E-DBCAB4BAE927}.Debug|Any CPU.ActiveCfg = Debug|Any CPU
		{7A29BE8E-48AD-402C-8A1E-DBCAB4BAE927}.Debug|Any CPU.Build.0 = Debug|Any CPU
		{7A29BE8E-48AD-402C-8A1E-DBCAB4BAE927}.Release|Any CPU.ActiveCfg = Release|Any CPU
		{7A29BE8E-48AD-402C-8A1E-DBCAB4BAE927}.Release|Any CPU.Build.0 = Release|Any CPU
	EndGlobalSection
	GlobalSection(SolutionProperties) = preSolution
		HideSolutionNode = FALSE
	EndGlobalSection
	GlobalSection(ExtensibilityGlobals) = postSolution
		SolutionGuid = {FEC7B2DC-B034-496B-9875-D9BCC40A228A}
	EndGlobalSection
EndGlobal
